{
  "version": 4,
  "terraform_version": "1.5.7",
  "serial": 146,
  "lineage": "48a0fa49-d5a6-4fbb-9536-2f096f358a28",
  "outputs": {},
  "resources": [
    {
      "module": "module.ecs",
      "mode": "managed",
      "type": "aws_ecr_repository",
      "name": "api-repo",
      "provider": "provider[\"registry.terraform.io/hashicorp/aws\"]",
      "instances": [
        {
          "schema_version": 0,
          "attributes": {
            "arn": "arn:aws:ecr:us-east-1:007481550016:repository/plain-to-level-up-api-repo",
            "encryption_configuration": [
              {
                "encryption_type": "AES256",
                "kms_key": ""
              }
            ],
            "force_delete": null,
            "id": "plain-to-level-up-api-repo",
            "image_scanning_configuration": [
              {
                "scan_on_push": true
              }
            ],
            "image_tag_mutability": "MUTABLE",
            "name": "plain-to-level-up-api-repo",
            "registry_id": "007481550016",
            "repository_url": "007481550016.dkr.ecr.us-east-1.amazonaws.com/plain-to-level-up-api-repo",
            "tags": {
              "Name": "plain-to-level-up-api-repo"
            },
            "tags_all": {
              "Name": "plain-to-level-up-api-repo"
            },
            "timeouts": null
          },
          "sensitive_attributes": [],
          "private": "eyJlMmJmYjczMC1lY2FhLTExZTYtOGY4OC0zNDM2M2JjN2M0YzAiOnsiZGVsZXRlIjoxMjAwMDAwMDAwMDAwfX0="
        }
      ]
    }
  ],
  "check_results": null
}
